{
  "name": "actions",
  "version": "1.0.0",
  "lockfileVersion": 2,
  "requires": true,
  "packages": {
    "": {
      "version": "1.0.0",
      "license": "ISC",
      "devDependencies": {
        "@types/node": "^15.12.4"
      }
    },
    "node_modules/@types/node": {
      "version": "15.14.2",
      "resolved": "https://registry.npmjs.org/@types/node/-/node-15.14.2.tgz",
      "integrity": "sha512-dvMUE/m2LbXPwlvVuzCyslTEtQ2ZwuuFClDrOQ6mp2CenCg971719PTILZ4I6bTP27xfFFc+o7x2TkLuun/MPw==",
      "dev": true
    }
  },
  "dependencies": {
    "@types/node": {
      "version": "15.14.2",
      "resolved": "https://registry.npmjs.org/@types/node/-/node-15.14.2.tgz",
      "integrity": "sha512-dvMUE/m2LbXPwlvVuzCyslTEtQ2ZwuuFClDrOQ6mp2CenCg971719PTILZ4I6bTP27xfFFc+o7x2TkLuun/MPw==",
      "dev": true
    }
  }
}
